Microsoft Visual Studio Solution File, Format Version 12.00
# Visual Studio Version 17
VisualStudioVersion = 17.4.33103.184
MinimumVisualStudioVersion = 10.0.40219.1
Project("{9A19103F-16F7-4668-BE54-9A1E7A4F7556}") = "WorkSpace", "WorkSpace\WorkSpace.csproj", "{1BFB0F97-2329-4208-8C8A-C5B9925ADAF8}"
EndProject
Global
	GlobalSection(SolutionConfigurationPlatforms) = preSolution
		Debug|Any CPU = Debug|Any CPU
		Release|Any CPU = Release|Any CPU
	EndGlobalSection
	GlobalSection(ProjectConfigurationPlatforms) = postSolution
		{1BFB0F97-2329-4208-8C8A-C5B9925ADAF8}.Debug|Any CPU.ActiveCfg = Debug|Any CPU
		{1BFB0F97-2329-4208-8C8A-C5B9925ADAF8}.Debug|Any CPU.Build.0 = Debug|Any CPU
		{1BFB0F97-2329-4208-8C8A-C5B9925ADAF8}.Release|Any CPU.ActiveCfg = Release|Any CPU
		{1BFB0F97-2329-4208-8C8A-C5B9925ADAF8}.Release|Any CPU.Build.0 = Release|Any CPU
	EndGlobalSection
	GlobalSection(SolutionProperties) = preSolution
		HideSolutionNode = FALSE
	EndGlobalSection
	GlobalSection(ExtensibilityGlobals) = postSolution
		SolutionGuid = {F7AC0CE5-B46C-4445-9C56-FEE2C69C85DF}
	EndGlobalSection
EndGlobal
